// !$*UTF8*$!
{
	archiveVersion = 1;
	classes = {
	};
	objectVersion = 56;
	objects = {

/* Begin PBXBuildFile section */
		D324C8FD2C025B7E0099BF0D /* RawgAppModularApp.swift in Sources */ = {isa = PBXBuildFile; fileRef = D324C8FC2C025B7E0099BF0D /* RawgAppModularApp.swift */; };
		D324C8FF2C025B7E0099BF0D /* ContentView.swift in Sources */ = {isa = PBXBuildFile; fileRef = D324C8FE2C025B7E0099BF0D /* ContentView.swift */; };
		D324C9012C025B7F0099BF0D /* Assets.xcassets in Resources */ = {isa = PBXBuildFile; fileRef = D324C9002C025B7F0099BF0D /* Assets.xcassets */; };
		D324C9042C025B7F0099BF0D /* Preview Assets.xcassets in Resources */ = {isa = PBXBuildFile; fileRef = D324C9032C025B7F0099BF0D /* Preview Assets.xcassets */; };
		D3414FFA2C0653640096476C /* HomeFeature in Frameworks */ = {isa = PBXBuildFile; productRef = D3414FF92C0653640096476C /* HomeFeature */; };
		D3B15CEB2C04E9F200DB5996 /* HomeFeature in Frameworks */ = {isa = PBXBuildFile; productRef = D3B15CEA2C04E9F200DB5996 /* HomeFeature */; };
		D3B15CEE2C04EA8F00DB5996 /* DependencyInjection.swift in Sources */ = {isa = PBXBuildFile; fileRef = D3B15CED2C04EA8F00DB5996 /* DependencyInjection.swift */; };
		D3B15CF12C04EABD00DB5996 /* Swinject in Frameworks */ = {isa = PBXBuildFile; productRef = D3B15CF02C04EABD00DB5996 /* Swinject */; };
		D3B15CF62C0598D800DB5996 /* DetailFeature in Frameworks */ = {isa = PBXBuildFile; productRef = D3B15CF52C0598D800DB5996 /* DetailFeature */; };
		D3B15CF92C06084900DB5996 /* FavoriteFeature in Frameworks */ = {isa = PBXBuildFile; productRef = D3B15CF82C06084900DB5996 /* FavoriteFeature */; };
		D3E8413B2C0665F50091A8C0 /* RawgAppModularTests.swift in Sources */ = {isa = PBXBuildFile; fileRef = D3E8413A2C0665F50091A8C0 /* RawgAppModularTests.swift */; };
/* End PBXBuildFile section */

/* Begin PBXContainerItemProxy section */
		D3E8413C2C0665F50091A8C0 /* PBXContainerItemProxy */ = {
			isa = PBXContainerItemProxy;
			containerPortal = D324C8F12C025B7E0099BF0D /* Project object */;
			proxyType = 1;
			remoteGlobalIDString = D324C8F82C025B7E0099BF0D;
			remoteInfo = RawgAppModular;
		};
/* End PBXContainerItemProxy section */

/* Begin PBXFileReference section */
		D324C8F92C025B7E0099BF0D /* RawgAppModular.app */ = {isa = PBXFileReference; explicitFileType = wrapper.application; includeInIndex = 0; path = RawgAppModular.app; sourceTree = BUILT_PRODUCTS_DIR; };
		D324C8FC2C025B7E0099BF0D /* RawgAppModularApp.swift */ = {isa = PBXFileReference; lastKnownFileType = sourcecode.swift; path = RawgAppModularApp.swift; sourceTree = "<group>"; };
		D324C8FE2C025B7E0099BF0D /* ContentView.swift */ = {isa = PBXFileReference; lastKnownFileType = sourcecode.swift; path = ContentView.swift; sourceTree = "<group>"; };
		D324C9002C025B7F0099BF0D /* Assets.xcassets */ = {isa = PBXFileReference; lastKnownFileType = folder.assetcatalog; path = Assets.xcassets; sourceTree = "<group>"; };
		D324C9032C025B7F0099BF0D /* Preview Assets.xcassets */ = {isa = PBXFileReference; lastKnownFileType = folder.assetcatalog; path = "Preview Assets.xcassets"; sourceTree = "<group>"; };
		D3B15CED2C04EA8F00DB5996 /* DependencyInjection.swift */ = {isa = PBXFileReference; lastKnownFileType = sourcecode.swift; path = DependencyInjection.swift; sourceTree = "<group>"; };
		D3E841382C0665F50091A8C0 /* RawgAppModularTests.xctest */ = {isa = PBXFileReference; explicitFileType = wrapper.cfbundle; includeInIndex = 0; path = RawgAppModularTests.xctest; sourceTree = BUILT_PRODUCTS_DIR; };
		D3E8413A2C0665F50091A8C0 /* RawgAppModularTests.swift */ = {isa = PBXFileReference; lastKnownFileType = sourcecode.swift; path = RawgAppModularTests.swift; sourceTree = "<group>"; };
		D3E841422C06CF120091A8C0 /* SchemeTestPlan.xctestplan */ = {isa = PBXFileReference; lastKnownFileType = file; path = SchemeTestPlan.xctestplan; sourceTree = SOURCE_ROOT; };
/* End PBXFileReference section */

/* Begin PBXFrameworksBuildPhase section */
		D324C8F62C025B7E0099BF0D /* Frameworks */ = {
			isa = PBXFrameworksBuildPhase;
			buildActionMask = 2147483647;
			files = (
				D3B15CEB2C04E9F200DB5996 /* HomeFeature in Frameworks */,
				D3B15CF62C0598D800DB5996 /* DetailFeature in Frameworks */,
				D3414FFA2C0653640096476C /* HomeFeature in Frameworks */,
				D3B15CF12C04EABD00DB5996 /* Swinject in Frameworks */,
				D3B15CF92C06084900DB5996 /* FavoriteFeature in Frameworks */,
			);
			runOnlyForDeploymentPostprocessing = 0;
		};
		D3E841352C0665F50091A8C0 /* Frameworks */ = {
			isa = PBXFrameworksBuildPhase;
			buildActionMask = 2147483647;
			files = (
			);
			runOnlyForDeploymentPostprocessing = 0;
		};
/* End PBXFrameworksBuildPhase section */

/* Begin PBXGroup section */
		D324C8F02C025B7E0099BF0D = {
			isa = PBXGroup;
			children = (
				D324C8FB2C025B7E0099BF0D /* RawgAppModular */,
				D3E841392C0665F50091A8C0 /* RawgAppModularTests */,
				D324C8FA2C025B7E0099BF0D /* Products */,
			);
			sourceTree = "<group>";
		};
		D324C8FA2C025B7E0099BF0D /* Products */ = {
			isa = PBXGroup;
			children = (
				D324C8F92C025B7E0099BF0D /* RawgAppModular.app */,
				D3E841382C0665F50091A8C0 /* RawgAppModularTests.xctest */,
			);
			name = Products;
			sourceTree = "<group>";
		};
		D324C8FB2C025B7E0099BF0D /* RawgAppModular */ = {
			isa = PBXGroup;
			children = (
				D3B15CEC2C04EA8200DB5996 /* DI */,
				D324C8FC2C025B7E0099BF0D /* RawgAppModularApp.swift */,
				D324C8FE2C025B7E0099BF0D /* ContentView.swift */,
				D324C9002C025B7F0099BF0D /* Assets.xcassets */,
				D324C9022C025B7F0099BF0D /* Preview Content */,
			);
			path = RawgAppModular;
			sourceTree = "<group>";
		};
		D324C9022C025B7F0099BF0D /* Preview Content */ = {
			isa = PBXGroup;
			children = (
				D324C9032C025B7F0099BF0D /* Preview Assets.xcassets */,
			);
			path = "Preview Content";
			sourceTree = "<group>";
		};
		D3B15CEC2C04EA8200DB5996 /* DI */ = {
			isa = PBXGroup;
			children = (
				D3B15CED2C04EA8F00DB5996 /* DependencyInjection.swift */,
			);
			path = DI;
			sourceTree = "<group>";
		};
		D3E841392C0665F50091A8C0 /* RawgAppModularTests */ = {
			isa = PBXGroup;
			children = (
				D3E8413A2C0665F50091A8C0 /* RawgAppModularTests.swift */,
				D3E841422C06CF120091A8C0 /* SchemeTestPlan.xctestplan */,
			);
			path = RawgAppModularTests;
			sourceTree = "<group>";
		};
/* End PBXGroup section */

/* Begin PBXNativeTarget section */
		D324C8F82C025B7E0099BF0D /* RawgAppModular */ = {
			isa = PBXNativeTarget;
			buildConfigurationList = D324C9072C025B7F0099BF0D /* Build configuration list for PBXNativeTarget "RawgAppModular" */;
			buildPhases = (
				D324C8F52C025B7E0099BF0D /* Sources */,
				D324C8F62C025B7E0099BF0D /* Frameworks */,
				D324C8F72C025B7E0099BF0D /* Resources */,
			);
			buildRules = (
			);
			dependencies = (
			);
			name = RawgAppModular;
			packageProductDependencies = (
				D3B15CEA2C04E9F200DB5996 /* HomeFeature */,
				D3B15CF02C04EABD00DB5996 /* Swinject */,
				D3B15CF52C0598D800DB5996 /* DetailFeature */,
				D3B15CF82C06084900DB5996 /* FavoriteFeature */,
				D3414FF92C0653640096476C /* HomeFeature */,
			);
			productName = RawgAppModular;
			productReference = D324C8F92C025B7E0099BF0D /* RawgAppModular.app */;
			productType = "com.apple.product-type.application";
		};
		D3E841372C0665F50091A8C0 /* RawgAppModularTests */ = {
			isa = PBXNativeTarget;
			buildConfigurationList = D3E8413E2C0665F50091A8C0 /* Build configuration list for PBXNativeTarget "RawgAppModularTests" */;
			buildPhases = (
				D3E841342C0665F50091A8C0 /* Sources */,
				D3E841352C0665F50091A8C0 /* Frameworks */,
				D3E841362C0665F50091A8C0 /* Resources */,
			);
			buildRules = (
			);
			dependencies = (
				D3E8413D2C0665F50091A8C0 /* PBXTargetDependency */,
			);
			name = RawgAppModularTests;
			productName = RawgAppModularTests;
			productReference = D3E841382C0665F50091A8C0 /* RawgAppModularTests.xctest */;
			productType = "com.apple.product-type.bundle.unit-test";
		};
/* End PBXNativeTarget section */

/* Begin PBXProject section */
		D324C8F12C025B7E0099BF0D /* Project object */ = {
			isa = PBXProject;
			attributes = {
				BuildIndependentTargetsInParallel = 1;
				LastSwiftUpdateCheck = 1520;
				LastUpgradeCheck = 1520;
				TargetAttributes = {
					D324C8F82C025B7E0099BF0D = {
						CreatedOnToolsVersion = 15.2;
					};
					D3E841372C0665F50091A8C0 = {
						CreatedOnToolsVersion = 15.2;
						TestTargetID = D324C8F82C025B7E0099BF0D;
					};
				};
			};
			buildConfigurationList = D324C8F42C025B7E0099BF0D /* Build configuration list for PBXProject "RawgAppModular" */;
			compatibilityVersion = "Xcode 14.0";
			developmentRegion = en;
			hasScannedForEncodings = 0;
			knownRegions = (
				en,
				Base,
			);
			mainGroup = D324C8F02C025B7E0099BF0D;
			packageReferences = (
				D3B15CEF2C04EABD00DB5996 /* XCRemoteSwiftPackageReference "Swinject" */,
				D3414FF82C0653640096476C /* XCRemoteSwiftPackageReference "HomeFeature" */,
			);
			productRefGroup = D324C8FA2C025B7E0099BF0D /* Products */;
			projectDirPath = "";
			projectRoot = "";
			targets = (
				D324C8F82C025B7E0099BF0D /* RawgAppModular */,
				D3E841372C0665F50091A8C0 /* RawgAppModularTests */,
			);
		};
/* End PBXProject section */

/* Begin PBXResourcesBuildPhase section */
		D324C8F72C025B7E0099BF0D /* Resources */ = {
			isa = PBXResourcesBuildPhase;
			buildActionMask = 2147483647;
			files = (
				D324C9042C025B7F0099BF0D /* Preview Assets.xcassets in Resources */,
				D324C9012C025B7F0099BF0D /* Assets.xcassets in Resources */,
			);
			runOnlyForDeploymentPostprocessing = 0;
		};
		D3E841362C0665F50091A8C0 /* Resources */ = {
			isa = PBXResourcesBuildPhase;
			buildActionMask = 2147483647;
			files = (
			);
			runOnlyForDeploymentPostprocessing = 0;
		};
/* End PBXResourcesBuildPhase section */

/* Begin PBXSourcesBuildPhase section */
		D324C8F52C025B7E0099BF0D /* Sources */ = {
			isa = PBXSourcesBuildPhase;
			buildActionMask = 2147483647;
			files = (
				D324C8FF2C025B7E0099BF0D /* ContentView.swift in Sources */,
				D324C8FD2C025B7E0099BF0D /* RawgAppModularApp.swift in Sources */,
				D3B15CEE2C04EA8F00DB5996 /* DependencyInjection.swift in Sources */,
			);
			runOnlyForDeploymentPostprocessing = 0;
		};
		D3E841342C0665F50091A8C0 /* Sources */ = {
			isa = PBXSourcesBuildPhase;
			buildActionMask = 2147483647;
			files = (
				D3E8413B2C0665F50091A8C0 /* RawgAppModularTests.swift in Sources */,
			);
			runOnlyForDeploymentPostprocessing = 0;
		};
/* End PBXSourcesBuildPhase section */

/* Begin PBXTargetDependency section */
		D3E8413D2C0665F50091A8C0 /* PBXTargetDependency */ = {
			isa = PBXTargetDependency;
			target = D324C8F82C025B7E0099BF0D /* RawgAppModular */;
			targetProxy = D3E8413C2C0665F50091A8C0 /* PBXContainerItemProxy */;
		};
/* End PBXTargetDependency section */

/* Begin XCBuildConfiguration section */
		D324C9052C025B7F0099BF0D /* Debug */ = {
			isa = XCBuildConfiguration;
			buildSettings = {
				ALWAYS_SEARCH_USER_PATHS = NO;
				ASSETCATALOG_COMPILER_GENERATE_SWIFT_ASSET_SYMBOL_EXTENSIONS = YES;
				CLANG_ANALYZER_NONNULL = YES;
				CLANG_ANALYZER_NUMBER_OBJECT_CONVERSION = YES_AGGRESSIVE;
				CLANG_CXX_LANGUAGE_STANDARD = "gnu++20";
				CLANG_ENABLE_MODULES = YES;
				CLANG_ENABLE_OBJC_ARC = YES;
				CLANG_ENABLE_OBJC_WEAK = YES;
				CLANG_WARN_BLOCK_CAPTURE_AUTORELEASING = YES;
				CLANG_WARN_BOOL_CONVERSION = YES;
				CLANG_WARN_COMMA = YES;
				CLANG_WARN_CONSTANT_CONVERSION = YES;
				CLANG_WARN_DEPRECATED_OBJC_IMPLEMENTATIONS = YES;
				CLANG_WARN_DIRECT_OBJC_ISA_USAGE = YES_ERROR;
				CLANG_WARN_DOCUMENTATION_COMMENTS = YES;
				CLANG_WARN_EMPTY_BODY = YES;
				CLANG_WARN_ENUM_CONVERSION = YES;
				CLANG_WARN_INFINITE_RECURSION = YES;
				CLANG_WARN_INT_CONVERSION = YES;
				CLANG_WARN_NON_LITERAL_NULL_CONVERSION = YES;
				CLANG_WARN_OBJC_IMPLICIT_RETAIN_SELF = YES;
				CLANG_WARN_OBJC_LITERAL_CONVERSION = YES;
				CLANG_WARN_OBJC_ROOT_CLASS = YES_ERROR;
				CLANG_WARN_QUOTED_INCLUDE_IN_FRAMEWORK_HEADER = YES;
				CLANG_WARN_RANGE_LOOP_ANALYSIS = YES;
				CLANG_WARN_STRICT_PROTOTYPES = YES;
				CLANG_WARN_SUSPICIOUS_MOVE = YES;
				CLANG_WARN_UNGUARDED_AVAILABILITY = YES_AGGRESSIVE;
				CLANG_WARN_UNREACHABLE_CODE = YES;
				CLANG_WARN__DUPLICATE_METHOD_MATCH = YES;
				COPY_PHASE_STRIP = NO;
				DEBUG_INFORMATION_FORMAT = dwarf;
				ENABLE_STRICT_OBJC_MSGSEND = YES;
				ENABLE_TESTABILITY = YES;
				ENABLE_USER_SCRIPT_SANDBOXING = YES;
				GCC_C_LANGUAGE_STANDARD = gnu17;
				GCC_DYNAMIC_NO_PIC = NO;
				GCC_NO_COMMON_BLOCKS = YES;
				GCC_OPTIMIZATION_LEVEL = 0;
				GCC_PREPROCESSOR_DEFINITIONS = (
					"DEBUG=1",
					"$(inherited)",
				);
				GCC_WARN_64_TO_32_BIT_CONVERSION = YES;
				GCC_WARN_ABOUT_RETURN_TYPE = YES_ERROR;
				GCC_WARN_UNDECLARED_SELECTOR = YES;
				GCC_WARN_UNINITIALIZED_AUTOS = YES_AGGRESSIVE;
				GCC_WARN_UNUSED_FUNCTION = YES;
				GCC_WARN_UNUSED_VARIABLE = YES;
				IPHONEOS_DEPLOYMENT_TARGET = 17.2;
				LOCALIZATION_PREFERS_STRING_CATALOGS = YES;
				MTL_ENABLE_DEBUG_INFO = INCLUDE_SOURCE;
				MTL_FAST_MATH = YES;
				ONLY_ACTIVE_ARCH = YES;
				SDKROOT = iphoneos;
				SWIFT_ACTIVE_COMPILATION_CONDITIONS = "DEBUG $(inherited)";
				SWIFT_OPTIMIZATION_LEVEL = "-Onone";
			};
			name = Debug;
		};
		D324C9062C025B7F0099BF0D /* Release */ = {
			isa = XCBuildConfiguration;
			buildSettings = {
				ALWAYS_SEARCH_USER_PATHS = NO;
				ASSETCATALOG_COMPILER_GENERATE_SWIFT_ASSET_SYMBOL_EXTENSIONS = YES;
				CLANG_ANALYZER_NONNULL = YES;
				CLANG_ANALYZER_NUMBER_OBJECT_CONVERSION = YES_AGGRESSIVE;
				CLANG_CXX_LANGUAGE_STANDARD = "gnu++20";
				CLANG_ENABLE_MODULES = YES;
				CLANG_ENABLE_OBJC_ARC = YES;
				CLANG_ENABLE_OBJC_WEAK = YES;
				CLANG_WARN_BLOCK_CAPTURE_AUTORELEASING = YES;
				CLANG_WARN_BOOL_CONVERSION = YES;
				CLANG_WARN_COMMA = YES;
				CLANG_WARN_CONSTANT_CONVERSION = YES;
				CLANG_WARN_DEPRECATED_OBJC_IMPLEMENTATIONS = YES;
				CLANG_WARN_DIRECT_OBJC_ISA_USAGE = YES_ERROR;
				CLANG_WARN_DOCUMENTATION_COMMENTS = YES;
				CLANG_WARN_EMPTY_BODY = YES;
				CLANG_WARN_ENUM_CONVERSION = YES;
				CLANG_WARN_INFINITE_RECURSION = YES;
				CLANG_WARN_INT_CONVERSION = YES;
				CLANG_WARN_NON_LITERAL_NULL_CONVERSION = YES;
				CLANG_WARN_OBJC_IMPLICIT_RETAIN_SELF = YES;
				CLANG_WARN_OBJC_LITERAL_CONVERSION = YES;
				CLANG_WARN_OBJC_ROOT_CLASS = YES_ERROR;
				CLANG_WARN_QUOTED_INCLUDE_IN_FRAMEWORK_HEADER = YES;
				CLANG_WARN_RANGE_LOOP_ANALYSIS = YES;
				CLANG_WARN_STRICT_PROTOTYPES = YES;
				CLANG_WARN_SUSPICIOUS_MOVE = YES;
				CLANG_WARN_UNGUARDED_AVAILABILITY = YES_AGGRESSIVE;
				CLANG_WARN_UNREACHABLE_CODE = YES;
				CLANG_WARN__DUPLICATE_METHOD_MATCH = YES;
				COPY_PHASE_STRIP = NO;
				DEBUG_INFORMATION_FORMAT = "dwarf-with-dsym";
				ENABLE_NS_ASSERTIONS = NO;
				ENABLE_STRICT_OBJC_MSGSEND = YES;
				ENABLE_USER_SCRIPT_SANDBOXING = YES;
				GCC_C_LANGUAGE_STANDARD = gnu17;
				GCC_NO_COMMON_BLOCKS = YES;
				GCC_WARN_64_TO_32_BIT_CONVERSION = YES;
				GCC_WARN_ABOUT_RETURN_TYPE = YES_ERROR;
				GCC_WARN_UNDECLARED_SELECTOR = YES;
				GCC_WARN_UNINITIALIZED_AUTOS = YES_AGGRESSIVE;
				GCC_WARN_UNUSED_FUNCTION = YES;
				GCC_WARN_UNUSED_VARIABLE = YES;
				IPHONEOS_DEPLOYMENT_TARGET = 17.2;
				LOCALIZATION_PREFERS_STRING_CATALOGS = YES;
				MTL_ENABLE_DEBUG_INFO = NO;
				MTL_FAST_MATH = YES;
				SDKROOT = iphoneos;
				SWIFT_COMPILATION_MODE = wholemodule;
				VALIDATE_PRODUCT = YES;
			};
			name = Release;
		};
		D324C9082C025B7F0099BF0D /* Debug */ = {
			isa = XCBuildConfiguration;
			buildSettings = {
				ASSETCATALOG_COMPILER_APPICON_NAME = AppIcon;
				ASSETCATALOG_COMPILER_GLOBAL_ACCENT_COLOR_NAME = AccentColor;
				CODE_SIGN_STYLE = Automatic;
				CURRENT_PROJECT_VERSION = 1;
				DEVELOPMENT_ASSET_PATHS = "\"RawgAppModular/Preview Content\"";
				DEVELOPMENT_TEAM = "";
				ENABLE_PREVIEWS = YES;
				GENERATE_INFOPLIST_FILE = YES;
				INFOPLIST_KEY_UIApplicationSceneManifest_Generation = YES;
				INFOPLIST_KEY_UIApplicationSupportsIndirectInputEvents = YES;
				INFOPLIST_KEY_UILaunchScreen_Generation = YES;
				INFOPLIST_KEY_UISupportedInterfaceOrientations_iPad = "UIInterfaceOrientationPortrait UIInterfaceOrientationPortraitUpsideDown UIInterfaceOrientationLandscapeLeft UIInterfaceOrientationLandscapeRight";
				INFOPLIST_KEY_UISupportedInterfaceOrientations_iPhone = "UIInterfaceOrientationPortrait UIInterfaceOrientationLandscapeLeft UIInterfaceOrientationLandscapeRight";
				LD_RUNPATH_SEARCH_PATHS = (
					"$(inherited)",
					"@executable_path/Frameworks",
				);
				MARKETING_VERSION = 1.0;
				PRODUCT_BUNDLE_IDENTIFIER = com.waffle.RawgAppModular;
				PRODUCT_NAME = "$(TARGET_NAME)";
				SWIFT_EMIT_LOC_STRINGS = YES;
				SWIFT_VERSION = 5.0;
				TARGETED_DEVICE_FAMILY = "1,2";
			};
			name = Debug;
		};
		D324C9092C025B7F0099BF0D /* Release */ = {
			isa = XCBuildConfiguration;
			buildSettings = {
				ASSETCATALOG_COMPILER_APPICON_NAME = AppIcon;
				ASSETCATALOG_COMPILER_GLOBAL_ACCENT_COLOR_NAME = AccentColor;
				CODE_SIGN_STYLE = Automatic;
				CURRENT_PROJECT_VERSION = 1;
				DEVELOPMENT_ASSET_PATHS = "\"RawgAppModular/Preview Content\"";
				DEVELOPMENT_TEAM = "";
				ENABLE_PREVIEWS = YES;
				GENERATE_INFOPLIST_FILE = YES;
				INFOPLIST_KEY_UIApplicationSceneManifest_Generation = YES;
				INFOPLIST_KEY_UIApplicationSupportsIndirectInputEvents = YES;
				INFOPLIST_KEY_UILaunchScreen_Generation = YES;
				INFOPLIST_KEY_UISupportedInterfaceOrientations_iPad = "UIInterfaceOrientationPortrait UIInterfaceOrientationPortraitUpsideDown UIInterfaceOrientationLandscapeLeft UIInterfaceOrientationLandscapeRight";
				INFOPLIST_KEY_UISupportedInterfaceOrientations_iPhone = "UIInterfaceOrientationPortrait UIInterfaceOrientationLandscapeLeft UIInterfaceOrientationLandscapeRight";
				LD_RUNPATH_SEARCH_PATHS = (
					"$(inherited)",
					"@executable_path/Frameworks",
				);
				MARKETING_VERSION = 1.0;
				PRODUCT_BUNDLE_IDENTIFIER = com.waffle.RawgAppModular;
				PRODUCT_NAME = "$(TARGET_NAME)";
				SWIFT_EMIT_LOC_STRINGS = YES;
				SWIFT_VERSION = 5.0;
				TARGETED_DEVICE_FAMILY = "1,2";
			};
			name = Release;
		};
		D3E8413F2C0665F50091A8C0 /* Debug */ = {
			isa = XCBuildConfiguration;
			buildSettings = {
				BUNDLE_LOADER = "$(TEST_HOST)";
				"CODE_SIGN_IDENTITY[sdk=macosx*]" = "Apple Development";
				CODE_SIGN_STYLE = Automatic;
				CURRENT_PROJECT_VERSION = 1;
				DEVELOPMENT_TEAM = "";
				GENERATE_INFOPLIST_FILE = YES;
				MARKETING_VERSION = 1.0;
				PRODUCT_BUNDLE_IDENTIFIER = com.waffle.RawgAppModularTests;
				PRODUCT_NAME = "$(TARGET_NAME)";
				SWIFT_EMIT_LOC_STRINGS = NO;
				SWIFT_VERSION = 5.0;
				TARGETED_DEVICE_FAMILY = "1,2";
				TEST_HOST = "$(BUILT_PRODUCTS_DIR)/RawgAppModular.app/$(BUNDLE_EXECUTABLE_FOLDER_PATH)/RawgAppModular";
			};
			name = Debug;
		};
		D3E841402C0665F50091A8C0 /* Release */ = {
			isa = XCBuildConfiguration;
			buildSettings = {
				BUNDLE_LOADER = "$(TEST_HOST)";
				"CODE_SIGN_IDENTITY[sdk=macosx*]" = "Apple Development";
				CODE_SIGN_STYLE = Automatic;
				CURRENT_PROJECT_VERSION = 1;
				DEVELOPMENT_TEAM = "";
				GENERATE_INFOPLIST_FILE = YES;
				MARKETING_VERSION = 1.0;
				PRODUCT_BUNDLE_IDENTIFIER = com.waffle.RawgAppModularTests;
				PRODUCT_NAME = "$(TARGET_NAME)";
				SWIFT_EMIT_LOC_STRINGS = NO;
				SWIFT_VERSION = 5.0;
				TARGETED_DEVICE_FAMILY = "1,2";
				TEST_HOST = "$(BUILT_PRODUCTS_DIR)/RawgAppModular.app/$(BUNDLE_EXECUTABLE_FOLDER_PATH)/RawgAppModular";
			};
			name = Release;
		};
/* End XCBuildConfiguration section */

/* Begin XCConfigurationList section */
		D324C8F42C025B7E0099BF0D /* Build configuration list for PBXProject "RawgAppModular" */ = {
			isa = XCConfigurationList;
			buildConfigurations = (
				D324C9052C025B7F0099BF0D /* Debug */,
				D324C9062C025B7F0099BF0D /* Release */,
			);
			defaultConfigurationIsVisible = 0;
			defaultConfigurationName = Release;
		};
		D324C9072C025B7F0099BF0D /* Build configuration list for PBXNativeTarget "RawgAppModular" */ = {
			isa = XCConfigurationList;
			buildConfigurations = (
				D324C9082C025B7F0099BF0D /* Debug */,
				D324C9092C025B7F0099BF0D /* Release */,
			);
			defaultConfigurationIsVisible = 0;
			defaultConfigurationName = Release;
		};
		D3E8413E2C0665F50091A8C0 /* Build configuration list for PBXNativeTarget "RawgAppModularTests" */ = {
			isa = XCConfigurationList;
			buildConfigurations = (
				D3E8413F2C0665F50091A8C0 /* Debug */,
				D3E841402C0665F50091A8C0 /* Release */,
			);
			defaultConfigurationIsVisible = 0;
			defaultConfigurationName = Release;
		};
/* End XCConfigurationList section */

/* Begin XCRemoteSwiftPackageReference section */
		D3414FF82C0653640096476C /* XCRemoteSwiftPackageReference "HomeFeature" */ = {
			isa = XCRemoteSwiftPackageReference;
			repositoryURL = "https://github.com/Waffle000/HomeFeature.git";
			requirement = {
				branch = main;
				kind = branch;
			};
		};
		D3B15CEF2C04EABD00DB5996 /* XCRemoteSwiftPackageReference "Swinject" */ = {
			isa = XCRemoteSwiftPackageReference;
			repositoryURL = "https://github.com/Swinject/Swinject.git";
			requirement = {
				kind = upToNextMajorVersion;
				minimumVersion = 2.8.8;
			};
		};
/* End XCRemoteSwiftPackageReference section */

/* Begin XCSwiftPackageProductDependency section */
		D3414FF92C0653640096476C /* HomeFeature */ = {
			isa = XCSwiftPackageProductDependency;
			package = D3414FF82C0653640096476C /* XCRemoteSwiftPackageReference "HomeFeature" */;
			productName = HomeFeature;
		};
		D3B15CEA2C04E9F200DB5996 /* HomeFeature */ = {
			isa = XCSwiftPackageProductDependency;
			productName = HomeFeature;
		};
		D3B15CF02C04EABD00DB5996 /* Swinject */ = {
			isa = XCSwiftPackageProductDependency;
			package = D3B15CEF2C04EABD00DB5996 /* XCRemoteSwiftPackageReference "Swinject" */;
			productName = Swinject;
		};
		D3B15CF52C0598D800DB5996 /* DetailFeature */ = {
			isa = XCSwiftPackageProductDependency;
			productName = DetailFeature;
		};
		D3B15CF82C06084900DB5996 /* FavoriteFeature */ = {
			isa = XCSwiftPackageProductDependency;
			productName = FavoriteFeature;
		};
/* End XCSwiftPackageProductDependency section */
	};
	rootObject = D324C8F12C025B7E0099BF0D /* Project object */;
}
